
Microsoft Visual Studio Solution File, Format Version 12.00
# Visual Studio Version 16
VisualStudioVersion = 16.0.28803.202
MinimumVisualStudioVersion = 10.0.40219.1
Project("{8BC9CEB8-8B4A-11D0-8D11-00A0C91BC942}") = "01-函数重载(Overload)", "01-函数重载(Overload).vcxproj", "{0A84A8C5-722F-4B9A-847D-37EBD2B7745D}"
EndProject
Global
	GlobalSection(SolutionConfigurationPlatforms) = preSolution
		Debug|x64 = Debug|x64
		Debug|x86 = Debug|x86
		Release|x64 = Release|x64
		Release|x86 = Release|x86
	EndGlobalSection
	GlobalSection(ProjectConfigurationPlatforms) = postSolution
		{0A84A8C5-722F-4B9A-847D-37EBD2B7745D}.Debug|x64.ActiveCfg = Debug|x64
		{0A84A8C5-722F-4B9A-847D-37EBD2B7745D}.Debug|x64.Build.0 = Debug|x64
		{0A84A8C5-722F-4B9A-847D-37EBD2B7745D}.Debug|x86.ActiveCfg = Debug|Win32
		{0A84A8C5-722F-4B9A-847D-37EBD2B7745D}.Debug|x86.Build.0 = Debug|Win32
		{0A84A8C5-722F-4B9A-847D-37EBD2B7745D}.Release|x64.ActiveCfg = Release|x64
		{0A84A8C5-722F-4B9A-847D-37EBD2B7745D}.Release|x64.Build.0 = Release|x64
		{0A84A8C5-722F-4B9A-847D-37EBD2B7745D}.Release|x86.ActiveCfg = Release|Win32
		{0A84A8C5-722F-4B9A-847D-37EBD2B7745D}.Release|x86.Build.0 = Release|Win32
	EndGlobalSection
	GlobalSection(SolutionProperties) = preSolution
		HideSolutionNode = FALSE
	EndGlobalSection
	GlobalSection(ExtensibilityGlobals) = postSolution
		SolutionGuid = {455F7CBD-CE88-4851-95F5-2353CA000E7B}
	EndGlobalSection
EndGlobal
