// !$*UTF8*$!
{
	archiveVersion = 1;
	classes = {
	};
	objectVersion = 48;
	objects = {

/* Begin PBXBuildFile section */
		14BD47DE20A93F38001B6678 /* AppDelegate.swift in Sources */ = {isa = PBXBuildFile; fileRef = 14BD47DD20A93F38001B6678 /* AppDelegate.swift */; };
		14BD47E320A93F38001B6678 /* Main.storyboard in Resources */ = {isa = PBXBuildFile; fileRef = 14BD47E120A93F38001B6678 /* Main.storyboard */; };
		14BD47E520A93F38001B6678 /* Assets.xcassets in Resources */ = {isa = PBXBuildFile; fileRef = 14BD47E420A93F38001B6678 /* Assets.xcassets */; };
		14BD47E820A93F38001B6678 /* LaunchScreen.storyboard in Resources */ = {isa = PBXBuildFile; fileRef = 14BD47E620A93F38001B6678 /* LaunchScreen.storyboard */; };
		14BD47F120A93FE3001B6678 /* ImageViewController.swift in Sources */ = {isa = PBXBuildFile; fileRef = 14BD47F020A93FE3001B6678 /* ImageViewController.swift */; };
		14BD47F320A9443B001B6678 /* DemoURLa.swift in Sources */ = {isa = PBXBuildFile; fileRef = 14BD47F220A9443B001B6678 /* DemoURLa.swift */; };
		14BD47F520A94466001B6678 /* oval.jpg in Resources */ = {isa = PBXBuildFile; fileRef = 14BD47F420A94465001B6678 /* oval.jpg */; };
		14BD47F720A94F20001B6678 /* CassiniViewController.swift in Sources */ = {isa = PBXBuildFile; fileRef = 14BD47F620A94F20001B6678 /* CassiniViewController.swift */; };
/* End PBXBuildFile section */

/* Begin PBXFileReference section */
		14BD47DA20A93F38001B6678 /* Cassini.app */ = {isa = PBXFileReference; explicitFileType = wrapper.application; includeInIndex = 0; path = Cassini.app; sourceTree = BUILT_PRODUCTS_DIR; };
		14BD47DD20A93F38001B6678 /* AppDelegate.swift */ = {isa = PBXFileReference; lastKnownFileType = sourcecode.swift; path = AppDelegate.swift; sourceTree = "<group>"; };
		14BD47E220A93F38001B6678 /* Base */ = {isa = PBXFileReference; lastKnownFileType = file.storyboard; name = Base; path = Base.lproj/Main.storyboard; sourceTree = "<group>"; };
		14BD47E420A93F38001B6678 /* Assets.xcassets */ = {isa = PBXFileReference; lastKnownFileType = folder.assetcatalog; path = Assets.xcassets; sourceTree = "<group>"; };
		14BD47E720A93F38001B6678 /* Base */ = {isa = PBXFileReference; lastKnownFileType = file.storyboard; name = Base; path = Base.lproj/LaunchScreen.storyboard; sourceTree = "<group>"; };
		14BD47E920A93F38001B6678 /* Info.plist */ = {isa = PBXFileReference; lastKnownFileType = text.plist.xml; path = Info.plist; sourceTree = "<group>"; };
		14BD47F020A93FE3001B6678 /* ImageViewController.swift */ = {isa = PBXFileReference; lastKnownFileType = sourcecode.swift; path = ImageViewController.swift; sourceTree = "<group>"; };
		14BD47F220A9443B001B6678 /* DemoURLa.swift */ = {isa = PBXFileReference; lastKnownFileType = sourcecode.swift; path = DemoURLa.swift; sourceTree = "<group>"; };
		14BD47F420A94465001B6678 /* oval.jpg */ = {isa = PBXFileReference; lastKnownFileType = image.jpeg; path = oval.jpg; sourceTree = "<group>"; };
		14BD47F620A94F20001B6678 /* CassiniViewController.swift */ = {isa = PBXFileReference; lastKnownFileType = sourcecode.swift; path = CassiniViewController.swift; sourceTree = "<group>"; };
/* End PBXFileReference section */

/* Begin PBXFrameworksBuildPhase section */
		14BD47D720A93F38001B6678 /* Frameworks */ = {
			isa = PBXFrameworksBuildPhase;
			buildActionMask = 2147483647;
			files = (
			);
			runOnlyForDeploymentPostprocessing = 0;
		};
/* End PBXFrameworksBuildPhase section */

/* Begin PBXGroup section */
		14BD47D120A93F38001B6678 = {
			isa = PBXGroup;
			children = (
				14BD47DC20A93F38001B6678 /* Cassini */,
				14BD47DB20A93F38001B6678 /* Products */,
			);
			sourceTree = "<group>";
		};
		14BD47DB20A93F38001B6678 /* Products */ = {
			isa = PBXGroup;
			children = (
				14BD47DA20A93F38001B6678 /* Cassini.app */,
			);
			name = Products;
			sourceTree = "<group>";
		};
		14BD47DC20A93F38001B6678 /* Cassini */ = {
			isa = PBXGroup;
			children = (
				14BD47F020A93FE3001B6678 /* ImageViewController.swift */,
				14BD47F620A94F20001B6678 /* CassiniViewController.swift */,
				14BD47F220A9443B001B6678 /* DemoURLa.swift */,
				14BD47E120A93F38001B6678 /* Main.storyboard */,
				14BD47F420A94465001B6678 /* oval.jpg */,
				14BD47EF20A93F8E001B6678 /* Supporting Files */,
				14BD47E920A93F38001B6678 /* Info.plist */,
			);
			path = Cassini;
			sourceTree = "<group>";
		};
		14BD47EF20A93F8E001B6678 /* Supporting Files */ = {
			isa = PBXGroup;
			children = (
				14BD47DD20A93F38001B6678 /* AppDelegate.swift */,
				14BD47E420A93F38001B6678 /* Assets.xcassets */,
				14BD47E620A93F38001B6678 /* LaunchScreen.storyboard */,
			);
			path = "Supporting Files";
			sourceTree = "<group>";
		};
/* End PBXGroup section */

/* Begin PBXNativeTarget section */
		14BD47D920A93F38001B6678 /* Cassini */ = {
			isa = PBXNativeTarget;
			buildConfigurationList = 14BD47EC20A93F38001B6678 /* Build configuration list for PBXNativeTarget "Cassini" */;
			buildPhases = (
				14BD47D620A93F38001B6678 /* Sources */,
				14BD47D720A93F38001B6678 /* Frameworks */,
				14BD47D820A93F38001B6678 /* Resources */,
			);
			buildRules = (
			);
			dependencies = (
			);
			name = Cassini;
			productName = Cassini;
			productReference = 14BD47DA20A93F38001B6678 /* Cassini.app */;
			productType = "com.apple.product-type.application";
		};
/* End PBXNativeTarget section */

/* Begin PBXProject section */
		14BD47D220A93F38001B6678 /* Project object */ = {
			isa = PBXProject;
			attributes = {
				LastSwiftUpdateCheck = 0920;
				LastUpgradeCheck = 0920;
				ORGANIZATIONNAME = "Castie!";
				TargetAttributes = {
					14BD47D920A93F38001B6678 = {
						CreatedOnToolsVersion = 9.2;
						ProvisioningStyle = Automatic;
					};
				};
			};
			buildConfigurationList = 14BD47D520A93F38001B6678 /* Build configuration list for PBXProject "Cassini" */;
			compatibilityVersion = "Xcode 8.0";
			developmentRegion = en;
			hasScannedForEncodings = 0;
			knownRegions = (
				en,
				Base,
			);
			mainGroup = 14BD47D120A93F38001B6678;
			productRefGroup = 14BD47DB20A93F38001B6678 /* Products */;
			projectDirPath = "";
			projectRoot = "";
			targets = (
				14BD47D920A93F38001B6678 /* Cassini */,
			);
		};
/* End PBXProject section */

/* Begin PBXResourcesBuildPhase section */
		14BD47D820A93F38001B6678 /* Resources */ = {
			isa = PBXResourcesBuildPhase;
			buildActionMask = 2147483647;
			files = (
				14BD47E820A93F38001B6678 /* LaunchScreen.storyboard in Resources */,
				14BD47F520A94466001B6678 /* oval.jpg in Resources */,
				14BD47E520A93F38001B6678 /* Assets.xcassets in Resources */,
				14BD47E320A93F38001B6678 /* Main.storyboard in Resources */,
			);
			runOnlyForDeploymentPostprocessing = 0;
		};
/* End PBXResourcesBuildPhase section */

/* Begin PBXSourcesBuildPhase section */
		14BD47D620A93F38001B6678 /* Sources */ = {
			isa = PBXSourcesBuildPhase;
			buildActionMask = 2147483647;
			files = (
				14BD47F120A93FE3001B6678 /* ImageViewController.swift in Sources */,
				14BD47DE20A93F38001B6678 /* AppDelegate.swift in Sources */,
				14BD47F320A9443B001B6678 /* DemoURLa.swift in Sources */,
				14BD47F720A94F20001B6678 /* CassiniViewController.swift in Sources */,
			);
			runOnlyForDeploymentPostprocessing = 0;
		};
/* End PBXSourcesBuildPhase section */

/* Begin PBXVariantGroup section */
		14BD47E120A93F38001B6678 /* Main.storyboard */ = {
			isa = PBXVariantGroup;
			children = (
				14BD47E220A93F38001B6678 /* Base */,
			);
			name = Main.storyboard;
			sourceTree = "<group>";
		};
		14BD47E620A93F38001B6678 /* LaunchScreen.storyboard */ = {
			isa = PBXVariantGroup;
			children = (
				14BD47E720A93F38001B6678 /* Base */,
			);
			name = LaunchScreen.storyboard;
			sourceTree = "<group>";
		};
/* End PBXVariantGroup section */

/* Begin XCBuildConfiguration section */
		14BD47EA20A93F38001B6678 /* Debug */ = {
			isa = XCBuildConfiguration;
			buildSettings = {
				ALWAYS_SEARCH_USER_PATHS = NO;
				CLANG_ANALYZER_NONNULL = YES;
				CLANG_ANALYZER_NUMBER_OBJECT_CONVERSION = YES_AGGRESSIVE;
				CLANG_CXX_LANGUAGE_STANDARD = "gnu++14";
				CLANG_CXX_LIBRARY = "libc++";
				CLANG_ENABLE_MODULES = YES;
				CLANG_ENABLE_OBJC_ARC = YES;
				CLANG_WARN_BLOCK_CAPTURE_AUTORELEASING = YES;
				CLANG_WARN_BOOL_CONVERSION = YES;
				CLANG_WARN_COMMA = YES;
				CLANG_WARN_CONSTANT_CONVERSION = YES;
				CLANG_WARN_DIRECT_OBJC_ISA_USAGE = YES_ERROR;
				CLANG_WARN_DOCUMENTATION_COMMENTS = YES;
				CLANG_WARN_EMPTY_BODY = YES;
				CLANG_WARN_ENUM_CONVERSION = YES;
				CLANG_WARN_INFINITE_RECURSION = YES;
				CLANG_WARN_INT_CONVERSION = YES;
				CLANG_WARN_NON_LITERAL_NULL_CONVERSION = YES;
				CLANG_WARN_OBJC_LITERAL_CONVERSION = YES;
				CLANG_WARN_OBJC_ROOT_CLASS = YES_ERROR;
				CLANG_WARN_RANGE_LOOP_ANALYSIS = YES;
				CLANG_WARN_STRICT_PROTOTYPES = YES;
				CLANG_WARN_SUSPICIOUS_MOVE = YES;
				CLANG_WARN_UNGUARDED_AVAILABILITY = YES_AGGRESSIVE;
				CLANG_WARN_UNREACHABLE_CODE = YES;
				CLANG_WARN__DUPLICATE_METHOD_MATCH = YES;
				CODE_SIGN_IDENTITY = "iPhone Developer";
				COPY_PHASE_STRIP = NO;
				DEBUG_INFORMATION_FORMAT = dwarf;
				ENABLE_STRICT_OBJC_MSGSEND = YES;
				ENABLE_TESTABILITY = YES;
				GCC_C_LANGUAGE_STANDARD = gnu11;
				GCC_DYNAMIC_NO_PIC = NO;
				GCC_NO_COMMON_BLOCKS = YES;
				GCC_OPTIMIZATION_LEVEL = 0;
				GCC_PREPROCESSOR_DEFINITIONS = (
					"DEBUG=1",
					"$(inherited)",
				);
				GCC_WARN_64_TO_32_BIT_CONVERSION = YES;
				GCC_WARN_ABOUT_RETURN_TYPE = YES_ERROR;
				GCC_WARN_UNDECLARED_SELECTOR = YES;
				GCC_WARN_UNINITIALIZED_AUTOS = YES_AGGRESSIVE;
				GCC_WARN_UNUSED_FUNCTION = YES;
				GCC_WARN_UNUSED_VARIABLE = YES;
				IPHONEOS_DEPLOYMENT_TARGET = 11.2;
				MTL_ENABLE_DEBUG_INFO = YES;
				ONLY_ACTIVE_ARCH = YES;
				SDKROOT = iphoneos;
				SWIFT_ACTIVE_COMPILATION_CONDITIONS = DEBUG;
				SWIFT_OPTIMIZATION_LEVEL = "-Onone";
			};
			name = Debug;
		};
		14BD47EB20A93F38001B6678 /* Release */ = {
			isa = XCBuildConfiguration;
			buildSettings = {
				ALWAYS_SEARCH_USER_PATHS = NO;
				CLANG_ANALYZER_NONNULL = YES;
				CLANG_ANALYZER_NUMBER_OBJECT_CONVERSION = YES_AGGRESSIVE;
				CLANG_CXX_LANGUAGE_STANDARD = "gnu++14";
				CLANG_CXX_LIBRARY = "libc++";
				CLANG_ENABLE_MODULES = YES;
				CLANG_ENABLE_OBJC_ARC = YES;
				CLANG_WARN_BLOCK_CAPTURE_AUTORELEASING = YES;
				CLANG_WARN_BOOL_CONVERSION = YES;
				CLANG_WARN_COMMA = YES;
				CLANG_WARN_CONSTANT_CONVERSION = YES;
				CLANG_WARN_DIRECT_OBJC_ISA_USAGE = YES_ERROR;
				CLANG_WARN_DOCUMENTATION_COMMENTS = YES;
				CLANG_WARN_EMPTY_BODY = YES;
				CLANG_WARN_ENUM_CONVERSION = YES;
				CLANG_WARN_INFINITE_RECURSION = YES;
				CLANG_WARN_INT_CONVERSION = YES;
				CLANG_WARN_NON_LITERAL_NULL_CONVERSION = YES;
				CLANG_WARN_OBJC_LITERAL_CONVERSION = YES;
				CLANG_WARN_OBJC_ROOT_CLASS = YES_ERROR;
				CLANG_WARN_RANGE_LOOP_ANALYSIS = YES;
				CLANG_WARN_STRICT_PROTOTYPES = YES;
				CLANG_WARN_SUSPICIOUS_MOVE = YES;
				CLANG_WARN_UNGUARDED_AVAILABILITY = YES_AGGRESSIVE;
				CLANG_WARN_UNREACHABLE_CODE = YES;
				CLANG_WARN__DUPLICATE_METHOD_MATCH = YES;
				CODE_SIGN_IDENTITY = "iPhone Developer";
				COPY_PHASE_STRIP = NO;
				DEBUG_INFORMATION_FORMAT = "dwarf-with-dsym";
				ENABLE_NS_ASSERTIONS = NO;
				ENABLE_STRICT_OBJC_MSGSEND = YES;
				GCC_C_LANGUAGE_STANDARD = gnu11;
				GCC_NO_COMMON_BLOCKS = YES;
				GCC_WARN_64_TO_32_BIT_CONVERSION = YES;
				GCC_WARN_ABOUT_RETURN_TYPE = YES_ERROR;
				GCC_WARN_UNDECLARED_SELECTOR = YES;
				GCC_WARN_UNINITIALIZED_AUTOS = YES_AGGRESSIVE;
				GCC_WARN_UNUSED_FUNCTION = YES;
				GCC_WARN_UNUSED_VARIABLE = YES;
				IPHONEOS_DEPLOYMENT_TARGET = 11.2;
				MTL_ENABLE_DEBUG_INFO = NO;
				SDKROOT = iphoneos;
				SWIFT_OPTIMIZATION_LEVEL = "-Owholemodule";
				VALIDATE_PRODUCT = YES;
			};
			name = Release;
		};
		14BD47ED20A93F38001B6678 /* Debug */ = {
			isa = XCBuildConfiguration;
			buildSettings = {
				ASSETCATALOG_COMPILER_APPICON_NAME = AppIcon;
				CODE_SIGN_STYLE = Automatic;
				INFOPLIST_FILE = Cassini/Info.plist;
				LD_RUNPATH_SEARCH_PATHS = "$(inherited) @executable_path/Frameworks";
				PRODUCT_BUNDLE_IDENTIFIER = coderZsq.Cassini;
				PRODUCT_NAME = "$(TARGET_NAME)";
				SWIFT_VERSION = 4.0;
				TARGETED_DEVICE_FAMILY = "1,2";
			};
			name = Debug;
		};
		14BD47EE20A93F38001B6678 /* Release */ = {
			isa = XCBuildConfiguration;
			buildSettings = {
				ASSETCATALOG_COMPILER_APPICON_NAME = AppIcon;
				CODE_SIGN_STYLE = Automatic;
				INFOPLIST_FILE = Cassini/Info.plist;
				LD_RUNPATH_SEARCH_PATHS = "$(inherited) @executable_path/Frameworks";
				PRODUCT_BUNDLE_IDENTIFIER = coderZsq.Cassini;
				PRODUCT_NAME = "$(TARGET_NAME)";
				SWIFT_VERSION = 4.0;
				TARGETED_DEVICE_FAMILY = "1,2";
			};
			name = Release;
		};
/* End XCBuildConfiguration section */

/* Begin XCConfigurationList section */
		14BD47D520A93F38001B6678 /* Build configuration list for PBXProject "Cassini" */ = {
			isa = XCConfigurationList;
			buildConfigurations = (
				14BD47EA20A93F38001B6678 /* Debug */,
				14BD47EB20A93F38001B6678 /* Release */,
			);
			defaultConfigurationIsVisible = 0;
			defaultConfigurationName = Release;
		};
		14BD47EC20A93F38001B6678 /* Build configuration list for PBXNativeTarget "Cassini" */ = {
			isa = XCConfigurationList;
			buildConfigurations = (
				14BD47ED20A93F38001B6678 /* Debug */,
				14BD47EE20A93F38001B6678 /* Release */,
			);
			defaultConfigurationIsVisible = 0;
			defaultConfigurationName = Release;
		};
/* End XCConfigurationList section */
	};
	rootObject = 14BD47D220A93F38001B6678 /* Project object */;
}
