// !$*UTF8*$!
{
	archiveVersion = 1;
	classes = {
	};
	objectVersion = 48;
	objects = {

/* Begin PBXBuildFile section */
		14DF5FEC20A3E57800961BB7 /* AppDelegate.swift in Sources */ = {isa = PBXBuildFile; fileRef = 14DF5FEB20A3E57800961BB7 /* AppDelegate.swift */; };
		14DF5FEE20A3E57800961BB7 /* ViewController.swift in Sources */ = {isa = PBXBuildFile; fileRef = 14DF5FED20A3E57800961BB7 /* ViewController.swift */; };
		14DF5FF120A3E57800961BB7 /* Main.storyboard in Resources */ = {isa = PBXBuildFile; fileRef = 14DF5FEF20A3E57800961BB7 /* Main.storyboard */; };
		14DF5FF320A3E57800961BB7 /* Assets.xcassets in Resources */ = {isa = PBXBuildFile; fileRef = 14DF5FF220A3E57800961BB7 /* Assets.xcassets */; };
		14DF5FF620A3E57800961BB7 /* LaunchScreen.storyboard in Resources */ = {isa = PBXBuildFile; fileRef = 14DF5FF420A3E57800961BB7 /* LaunchScreen.storyboard */; };
		14DF5FFF20A3E58E00961BB7 /* Battleship.swift in Sources */ = {isa = PBXBuildFile; fileRef = 14DF5FFD20A3E58E00961BB7 /* Battleship.swift */; };
		14DF600020A3E58E00961BB7 /* CoreImage.swift in Sources */ = {isa = PBXBuildFile; fileRef = 14DF5FFE20A3E58E00961BB7 /* CoreImage.swift */; };
/* End PBXBuildFile section */

/* Begin PBXFileReference section */
		14DF5FE820A3E57800961BB7 /* Functional.app */ = {isa = PBXFileReference; explicitFileType = wrapper.application; includeInIndex = 0; path = Functional.app; sourceTree = BUILT_PRODUCTS_DIR; };
		14DF5FEB20A3E57800961BB7 /* AppDelegate.swift */ = {isa = PBXFileReference; lastKnownFileType = sourcecode.swift; path = AppDelegate.swift; sourceTree = "<group>"; };
		14DF5FED20A3E57800961BB7 /* ViewController.swift */ = {isa = PBXFileReference; lastKnownFileType = sourcecode.swift; path = ViewController.swift; sourceTree = "<group>"; };
		14DF5FF020A3E57800961BB7 /* Base */ = {isa = PBXFileReference; lastKnownFileType = file.storyboard; name = Base; path = Base.lproj/Main.storyboard; sourceTree = "<group>"; };
		14DF5FF220A3E57800961BB7 /* Assets.xcassets */ = {isa = PBXFileReference; lastKnownFileType = folder.assetcatalog; path = Assets.xcassets; sourceTree = "<group>"; };
		14DF5FF520A3E57800961BB7 /* Base */ = {isa = PBXFileReference; lastKnownFileType = file.storyboard; name = Base; path = Base.lproj/LaunchScreen.storyboard; sourceTree = "<group>"; };
		14DF5FF720A3E57800961BB7 /* Info.plist */ = {isa = PBXFileReference; lastKnownFileType = text.plist.xml; path = Info.plist; sourceTree = "<group>"; };
		14DF5FFD20A3E58E00961BB7 /* Battleship.swift */ = {isa = PBXFileReference; fileEncoding = 4; lastKnownFileType = sourcecode.swift; path = Battleship.swift; sourceTree = "<group>"; };
		14DF5FFE20A3E58E00961BB7 /* CoreImage.swift */ = {isa = PBXFileReference; fileEncoding = 4; lastKnownFileType = sourcecode.swift; path = CoreImage.swift; sourceTree = "<group>"; };
/* End PBXFileReference section */

/* Begin PBXFrameworksBuildPhase section */
		14DF5FE520A3E57800961BB7 /* Frameworks */ = {
			isa = PBXFrameworksBuildPhase;
			buildActionMask = 2147483647;
			files = (
			);
			runOnlyForDeploymentPostprocessing = 0;
		};
/* End PBXFrameworksBuildPhase section */

/* Begin PBXGroup section */
		14DF5FDF20A3E57800961BB7 = {
			isa = PBXGroup;
			children = (
				14DF5FEA20A3E57800961BB7 /* Functional */,
				14DF5FE920A3E57800961BB7 /* Products */,
			);
			sourceTree = "<group>";
		};
		14DF5FE920A3E57800961BB7 /* Products */ = {
			isa = PBXGroup;
			children = (
				14DF5FE820A3E57800961BB7 /* Functional.app */,
			);
			name = Products;
			sourceTree = "<group>";
		};
		14DF5FEA20A3E57800961BB7 /* Functional */ = {
			isa = PBXGroup;
			children = (
				14DF5FED20A3E57800961BB7 /* ViewController.swift */,
				14DF5FFD20A3E58E00961BB7 /* Battleship.swift */,
				14DF5FFE20A3E58E00961BB7 /* CoreImage.swift */,
				14DF5FEF20A3E57800961BB7 /* Main.storyboard */,
				14DF600120A3E5F400961BB7 /* Supporting Files */,
				14DF5FF720A3E57800961BB7 /* Info.plist */,
			);
			path = Functional;
			sourceTree = "<group>";
		};
		14DF600120A3E5F400961BB7 /* Supporting Files */ = {
			isa = PBXGroup;
			children = (
				14DF5FEB20A3E57800961BB7 /* AppDelegate.swift */,
				14DF5FF220A3E57800961BB7 /* Assets.xcassets */,
				14DF5FF420A3E57800961BB7 /* LaunchScreen.storyboard */,
			);
			path = "Supporting Files";
			sourceTree = "<group>";
		};
/* End PBXGroup section */

/* Begin PBXNativeTarget section */
		14DF5FE720A3E57800961BB7 /* Functional */ = {
			isa = PBXNativeTarget;
			buildConfigurationList = 14DF5FFA20A3E57800961BB7 /* Build configuration list for PBXNativeTarget "Functional" */;
			buildPhases = (
				14DF5FE420A3E57800961BB7 /* Sources */,
				14DF5FE520A3E57800961BB7 /* Frameworks */,
				14DF5FE620A3E57800961BB7 /* Resources */,
			);
			buildRules = (
			);
			dependencies = (
			);
			name = Functional;
			productName = Functional;
			productReference = 14DF5FE820A3E57800961BB7 /* Functional.app */;
			productType = "com.apple.product-type.application";
		};
/* End PBXNativeTarget section */

/* Begin PBXProject section */
		14DF5FE020A3E57800961BB7 /* Project object */ = {
			isa = PBXProject;
			attributes = {
				LastSwiftUpdateCheck = 0920;
				LastUpgradeCheck = 0920;
				ORGANIZATIONNAME = "Castie!";
				TargetAttributes = {
					14DF5FE720A3E57800961BB7 = {
						CreatedOnToolsVersion = 9.2;
						ProvisioningStyle = Automatic;
					};
				};
			};
			buildConfigurationList = 14DF5FE320A3E57800961BB7 /* Build configuration list for PBXProject "Functional" */;
			compatibilityVersion = "Xcode 8.0";
			developmentRegion = en;
			hasScannedForEncodings = 0;
			knownRegions = (
				en,
				Base,
			);
			mainGroup = 14DF5FDF20A3E57800961BB7;
			productRefGroup = 14DF5FE920A3E57800961BB7 /* Products */;
			projectDirPath = "";
			projectRoot = "";
			targets = (
				14DF5FE720A3E57800961BB7 /* Functional */,
			);
		};
/* End PBXProject section */

/* Begin PBXResourcesBuildPhase section */
		14DF5FE620A3E57800961BB7 /* Resources */ = {
			isa = PBXResourcesBuildPhase;
			buildActionMask = 2147483647;
			files = (
				14DF5FF620A3E57800961BB7 /* LaunchScreen.storyboard in Resources */,
				14DF5FF320A3E57800961BB7 /* Assets.xcassets in Resources */,
				14DF5FF120A3E57800961BB7 /* Main.storyboard in Resources */,
			);
			runOnlyForDeploymentPostprocessing = 0;
		};
/* End PBXResourcesBuildPhase section */

/* Begin PBXSourcesBuildPhase section */
		14DF5FE420A3E57800961BB7 /* Sources */ = {
			isa = PBXSourcesBuildPhase;
			buildActionMask = 2147483647;
			files = (
				14DF5FFF20A3E58E00961BB7 /* Battleship.swift in Sources */,
				14DF5FEE20A3E57800961BB7 /* ViewController.swift in Sources */,
				14DF600020A3E58E00961BB7 /* CoreImage.swift in Sources */,
				14DF5FEC20A3E57800961BB7 /* AppDelegate.swift in Sources */,
			);
			runOnlyForDeploymentPostprocessing = 0;
		};
/* End PBXSourcesBuildPhase section */

/* Begin PBXVariantGroup section */
		14DF5FEF20A3E57800961BB7 /* Main.storyboard */ = {
			isa = PBXVariantGroup;
			children = (
				14DF5FF020A3E57800961BB7 /* Base */,
			);
			name = Main.storyboard;
			sourceTree = "<group>";
		};
		14DF5FF420A3E57800961BB7 /* LaunchScreen.storyboard */ = {
			isa = PBXVariantGroup;
			children = (
				14DF5FF520A3E57800961BB7 /* Base */,
			);
			name = LaunchScreen.storyboard;
			sourceTree = "<group>";
		};
/* End PBXVariantGroup section */

/* Begin XCBuildConfiguration section */
		14DF5FF820A3E57800961BB7 /* Debug */ = {
			isa = XCBuildConfiguration;
			buildSettings = {
				ALWAYS_SEARCH_USER_PATHS = NO;
				CLANG_ANALYZER_NONNULL = YES;
				CLANG_ANALYZER_NUMBER_OBJECT_CONVERSION = YES_AGGRESSIVE;
				CLANG_CXX_LANGUAGE_STANDARD = "gnu++14";
				CLANG_CXX_LIBRARY = "libc++";
				CLANG_ENABLE_MODULES = YES;
				CLANG_ENABLE_OBJC_ARC = YES;
				CLANG_WARN_BLOCK_CAPTURE_AUTORELEASING = YES;
				CLANG_WARN_BOOL_CONVERSION = YES;
				CLANG_WARN_COMMA = YES;
				CLANG_WARN_CONSTANT_CONVERSION = YES;
				CLANG_WARN_DIRECT_OBJC_ISA_USAGE = YES_ERROR;
				CLANG_WARN_DOCUMENTATION_COMMENTS = YES;
				CLANG_WARN_EMPTY_BODY = YES;
				CLANG_WARN_ENUM_CONVERSION = YES;
				CLANG_WARN_INFINITE_RECURSION = YES;
				CLANG_WARN_INT_CONVERSION = YES;
				CLANG_WARN_NON_LITERAL_NULL_CONVERSION = YES;
				CLANG_WARN_OBJC_LITERAL_CONVERSION = YES;
				CLANG_WARN_OBJC_ROOT_CLASS = YES_ERROR;
				CLANG_WARN_RANGE_LOOP_ANALYSIS = YES;
				CLANG_WARN_STRICT_PROTOTYPES = YES;
				CLANG_WARN_SUSPICIOUS_MOVE = YES;
				CLANG_WARN_UNGUARDED_AVAILABILITY = YES_AGGRESSIVE;
				CLANG_WARN_UNREACHABLE_CODE = YES;
				CLANG_WARN__DUPLICATE_METHOD_MATCH = YES;
				CODE_SIGN_IDENTITY = "iPhone Developer";
				COPY_PHASE_STRIP = NO;
				DEBUG_INFORMATION_FORMAT = dwarf;
				ENABLE_STRICT_OBJC_MSGSEND = YES;
				ENABLE_TESTABILITY = YES;
				GCC_C_LANGUAGE_STANDARD = gnu11;
				GCC_DYNAMIC_NO_PIC = NO;
				GCC_NO_COMMON_BLOCKS = YES;
				GCC_OPTIMIZATION_LEVEL = 0;
				GCC_PREPROCESSOR_DEFINITIONS = (
					"DEBUG=1",
					"$(inherited)",
				);
				GCC_WARN_64_TO_32_BIT_CONVERSION = YES;
				GCC_WARN_ABOUT_RETURN_TYPE = YES_ERROR;
				GCC_WARN_UNDECLARED_SELECTOR = YES;
				GCC_WARN_UNINITIALIZED_AUTOS = YES_AGGRESSIVE;
				GCC_WARN_UNUSED_FUNCTION = YES;
				GCC_WARN_UNUSED_VARIABLE = YES;
				IPHONEOS_DEPLOYMENT_TARGET = 11.2;
				MTL_ENABLE_DEBUG_INFO = YES;
				ONLY_ACTIVE_ARCH = YES;
				SDKROOT = iphoneos;
				SWIFT_ACTIVE_COMPILATION_CONDITIONS = DEBUG;
				SWIFT_OPTIMIZATION_LEVEL = "-Onone";
			};
			name = Debug;
		};
		14DF5FF920A3E57800961BB7 /* Release */ = {
			isa = XCBuildConfiguration;
			buildSettings = {
				ALWAYS_SEARCH_USER_PATHS = NO;
				CLANG_ANALYZER_NONNULL = YES;
				CLANG_ANALYZER_NUMBER_OBJECT_CONVERSION = YES_AGGRESSIVE;
				CLANG_CXX_LANGUAGE_STANDARD = "gnu++14";
				CLANG_CXX_LIBRARY = "libc++";
				CLANG_ENABLE_MODULES = YES;
				CLANG_ENABLE_OBJC_ARC = YES;
				CLANG_WARN_BLOCK_CAPTURE_AUTORELEASING = YES;
				CLANG_WARN_BOOL_CONVERSION = YES;
				CLANG_WARN_COMMA = YES;
				CLANG_WARN_CONSTANT_CONVERSION = YES;
				CLANG_WARN_DIRECT_OBJC_ISA_USAGE = YES_ERROR;
				CLANG_WARN_DOCUMENTATION_COMMENTS = YES;
				CLANG_WARN_EMPTY_BODY = YES;
				CLANG_WARN_ENUM_CONVERSION = YES;
				CLANG_WARN_INFINITE_RECURSION = YES;
				CLANG_WARN_INT_CONVERSION = YES;
				CLANG_WARN_NON_LITERAL_NULL_CONVERSION = YES;
				CLANG_WARN_OBJC_LITERAL_CONVERSION = YES;
				CLANG_WARN_OBJC_ROOT_CLASS = YES_ERROR;
				CLANG_WARN_RANGE_LOOP_ANALYSIS = YES;
				CLANG_WARN_STRICT_PROTOTYPES = YES;
				CLANG_WARN_SUSPICIOUS_MOVE = YES;
				CLANG_WARN_UNGUARDED_AVAILABILITY = YES_AGGRESSIVE;
				CLANG_WARN_UNREACHABLE_CODE = YES;
				CLANG_WARN__DUPLICATE_METHOD_MATCH = YES;
				CODE_SIGN_IDENTITY = "iPhone Developer";
				COPY_PHASE_STRIP = NO;
				DEBUG_INFORMATION_FORMAT = "dwarf-with-dsym";
				ENABLE_NS_ASSERTIONS = NO;
				ENABLE_STRICT_OBJC_MSGSEND = YES;
				GCC_C_LANGUAGE_STANDARD = gnu11;
				GCC_NO_COMMON_BLOCKS = YES;
				GCC_WARN_64_TO_32_BIT_CONVERSION = YES;
				GCC_WARN_ABOUT_RETURN_TYPE = YES_ERROR;
				GCC_WARN_UNDECLARED_SELECTOR = YES;
				GCC_WARN_UNINITIALIZED_AUTOS = YES_AGGRESSIVE;
				GCC_WARN_UNUSED_FUNCTION = YES;
				GCC_WARN_UNUSED_VARIABLE = YES;
				IPHONEOS_DEPLOYMENT_TARGET = 11.2;
				MTL_ENABLE_DEBUG_INFO = NO;
				SDKROOT = iphoneos;
				SWIFT_OPTIMIZATION_LEVEL = "-Owholemodule";
				VALIDATE_PRODUCT = YES;
			};
			name = Release;
		};
		14DF5FFB20A3E57800961BB7 /* Debug */ = {
			isa = XCBuildConfiguration;
			buildSettings = {
				ASSETCATALOG_COMPILER_APPICON_NAME = AppIcon;
				CODE_SIGN_STYLE = Automatic;
				INFOPLIST_FILE = Functional/Info.plist;
				LD_RUNPATH_SEARCH_PATHS = "$(inherited) @executable_path/Frameworks";
				PRODUCT_BUNDLE_IDENTIFIER = coderZsq.Functional;
				PRODUCT_NAME = "$(TARGET_NAME)";
				SWIFT_VERSION = 4.0;
				TARGETED_DEVICE_FAMILY = "1,2";
			};
			name = Debug;
		};
		14DF5FFC20A3E57800961BB7 /* Release */ = {
			isa = XCBuildConfiguration;
			buildSettings = {
				ASSETCATALOG_COMPILER_APPICON_NAME = AppIcon;
				CODE_SIGN_STYLE = Automatic;
				INFOPLIST_FILE = Functional/Info.plist;
				LD_RUNPATH_SEARCH_PATHS = "$(inherited) @executable_path/Frameworks";
				PRODUCT_BUNDLE_IDENTIFIER = coderZsq.Functional;
				PRODUCT_NAME = "$(TARGET_NAME)";
				SWIFT_VERSION = 4.0;
				TARGETED_DEVICE_FAMILY = "1,2";
			};
			name = Release;
		};
/* End XCBuildConfiguration section */

/* Begin XCConfigurationList section */
		14DF5FE320A3E57800961BB7 /* Build configuration list for PBXProject "Functional" */ = {
			isa = XCConfigurationList;
			buildConfigurations = (
				14DF5FF820A3E57800961BB7 /* Debug */,
				14DF5FF920A3E57800961BB7 /* Release */,
			);
			defaultConfigurationIsVisible = 0;
			defaultConfigurationName = Release;
		};
		14DF5FFA20A3E57800961BB7 /* Build configuration list for PBXNativeTarget "Functional" */ = {
			isa = XCConfigurationList;
			buildConfigurations = (
				14DF5FFB20A3E57800961BB7 /* Debug */,
				14DF5FFC20A3E57800961BB7 /* Release */,
			);
			defaultConfigurationIsVisible = 0;
			defaultConfigurationName = Release;
		};
/* End XCConfigurationList section */
	};
	rootObject = 14DF5FE020A3E57800961BB7 /* Project object */;
}
